// !$*UTF8*$!
{
	archiveVersion = 1;
	classes = {
	};
	objectVersion = 50;
	objects = {

/* Begin PBXBuildFile section */
		7FB03A6D260D7D9500C11C93 /* AppDelegate.swift in Sources */ = {isa = PBXBuildFile; fileRef = 7FB03A6C260D7D9500C11C93 /* AppDelegate.swift */; };
		7FB03A6F260D7D9500C11C93 /* SceneDelegate.swift in Sources */ = {isa = PBXBuildFile; fileRef = 7FB03A6E260D7D9500C11C93 /* SceneDelegate.swift */; };
		7FB03A71260D7D9500C11C93 /* ViewController.swift in Sources */ = {isa = PBXBuildFile; fileRef = 7FB03A70260D7D9500C11C93 /* ViewController.swift */; };
		7FB03A74260D7D9500C11C93 /* Main.storyboard in Resources */ = {isa = PBXBuildFile; fileRef = 7FB03A72260D7D9500C11C93 /* Main.storyboard */; };
		7FB03A76260D7D9600C11C93 /* Assets.xcassets in Resources */ = {isa = PBXBuildFile; fileRef = 7FB03A75260D7D9600C11C93 /* Assets.xcassets */; };
		7FB03A79260D7D9600C11C93 /* LaunchScreen.storyboard in Resources */ = {isa = PBXBuildFile; fileRef = 7FB03A77260D7D9600C11C93 /* LaunchScreen.storyboard */; };
		7FB03A84260D7D9600C11C93 /* testEvalutionStarViewTests.swift in Sources */ = {isa = PBXBuildFile; fileRef = 7FB03A83260D7D9600C11C93 /* testEvalutionStarViewTests.swift */; };
		7FB03A8F260D7D9600C11C93 /* testEvalutionStarViewUITests.swift in Sources */ = {isa = PBXBuildFile; fileRef = 7FB03A8E260D7D9600C11C93 /* testEvalutionStarViewUITests.swift */; };
		7FB03AA0260D7DD200C11C93 /* EvalutionStarView.swift in Sources */ = {isa = PBXBuildFile; fileRef = 7FB03A9F260D7DD200C11C93 /* EvalutionStarView.swift */; };
		7FB03AA5260DA81300C11C93 /* NewEvalutionStartView.xib in Resources */ = {isa = PBXBuildFile; fileRef = 7FB03AA4260DA81300C11C93 /* NewEvalutionStartView.xib */; };
		7FB03AAA260DAA4300C11C93 /* NewEvalutionStartView.swift in Sources */ = {isa = PBXBuildFile; fileRef = 7FB03AA9260DAA4300C11C93 /* NewEvalutionStartView.swift */; };
/* End PBXBuildFile section */

/* Begin PBXContainerItemProxy section */
		7FB03A80260D7D9600C11C93 /* PBXContainerItemProxy */ = {
			isa = PBXContainerItemProxy;
			containerPortal = 7FB03A61260D7D9500C11C93 /* Project object */;
			proxyType = 1;
			remoteGlobalIDString = 7FB03A68260D7D9500C11C93;
			remoteInfo = testEvalutionStarView;
		};
		7FB03A8B260D7D9600C11C93 /* PBXContainerItemProxy */ = {
			isa = PBXContainerItemProxy;
			containerPortal = 7FB03A61260D7D9500C11C93 /* Project object */;
			proxyType = 1;
			remoteGlobalIDString = 7FB03A68260D7D9500C11C93;
			remoteInfo = testEvalutionStarView;
		};
/* End PBXContainerItemProxy section */

/* Begin PBXFileReference section */
		7FB03A69260D7D9500C11C93 /* testEvalutionStarView.app */ = {isa = PBXFileReference; explicitFileType = wrapper.application; includeInIndex = 0; path = testEvalutionStarView.app; sourceTree = BUILT_PRODUCTS_DIR; };
		7FB03A6C260D7D9500C11C93 /* AppDelegate.swift */ = {isa = PBXFileReference; lastKnownFileType = sourcecode.swift; path = AppDelegate.swift; sourceTree = "<group>"; };
		7FB03A6E260D7D9500C11C93 /* SceneDelegate.swift */ = {isa = PBXFileReference; lastKnownFileType = sourcecode.swift; path = SceneDelegate.swift; sourceTree = "<group>"; };
		7FB03A70260D7D9500C11C93 /* ViewController.swift */ = {isa = PBXFileReference; lastKnownFileType = sourcecode.swift; path = ViewController.swift; sourceTree = "<group>"; };
		7FB03A73260D7D9500C11C93 /* Base */ = {isa = PBXFileReference; lastKnownFileType = file.storyboard; name = Base; path = Base.lproj/Main.storyboard; sourceTree = "<group>"; };
		7FB03A75260D7D9600C11C93 /* Assets.xcassets */ = {isa = PBXFileReference; lastKnownFileType = folder.assetcatalog; path = Assets.xcassets; sourceTree = "<group>"; };
		7FB03A78260D7D9600C11C93 /* Base */ = {isa = PBXFileReference; lastKnownFileType = file.storyboard; name = Base; path = Base.lproj/LaunchScreen.storyboard; sourceTree = "<group>"; };
		7FB03A7A260D7D9600C11C93 /* Info.plist */ = {isa = PBXFileReference; lastKnownFileType = text.plist.xml; path = Info.plist; sourceTree = "<group>"; };
		7FB03A7F260D7D9600C11C93 /* testEvalutionStarViewTests.xctest */ = {isa = PBXFileReference; explicitFileType = wrapper.cfbundle; includeInIndex = 0; path = testEvalutionStarViewTests.xctest; sourceTree = BUILT_PRODUCTS_DIR; };
		7FB03A83260D7D9600C11C93 /* testEvalutionStarViewTests.swift */ = {isa = PBXFileReference; lastKnownFileType = sourcecode.swift; path = testEvalutionStarViewTests.swift; sourceTree = "<group>"; };
		7FB03A85260D7D9600C11C93 /* Info.plist */ = {isa = PBXFileReference; lastKnownFileType = text.plist.xml; path = Info.plist; sourceTree = "<group>"; };
		7FB03A8A260D7D9600C11C93 /* testEvalutionStarViewUITests.xctest */ = {isa = PBXFileReference; explicitFileType = wrapper.cfbundle; includeInIndex = 0; path = testEvalutionStarViewUITests.xctest; sourceTree = BUILT_PRODUCTS_DIR; };
		7FB03A8E260D7D9600C11C93 /* testEvalutionStarViewUITests.swift */ = {isa = PBXFileReference; lastKnownFileType = sourcecode.swift; path = testEvalutionStarViewUITests.swift; sourceTree = "<group>"; };
		7FB03A90260D7D9600C11C93 /* Info.plist */ = {isa = PBXFileReference; lastKnownFileType = text.plist.xml; path = Info.plist; sourceTree = "<group>"; };
		7FB03A9F260D7DD200C11C93 /* EvalutionStarView.swift */ = {isa = PBXFileReference; lastKnownFileType = sourcecode.swift; path = EvalutionStarView.swift; sourceTree = "<group>"; };
		7FB03AA4260DA81300C11C93 /* NewEvalutionStartView.xib */ = {isa = PBXFileReference; lastKnownFileType = file.xib; path = NewEvalutionStartView.xib; sourceTree = "<group>"; };
		7FB03AA9260DAA4300C11C93 /* NewEvalutionStartView.swift */ = {isa = PBXFileReference; lastKnownFileType = sourcecode.swift; path = NewEvalutionStartView.swift; sourceTree = "<group>"; };
/* End PBXFileReference section */

/* Begin PBXFrameworksBuildPhase section */
		7FB03A66260D7D9500C11C93 /* Frameworks */ = {
			isa = PBXFrameworksBuildPhase;
			buildActionMask = 2147483647;
			files = (
			);
			runOnlyForDeploymentPostprocessing = 0;
		};
		7FB03A7C260D7D9600C11C93 /* Frameworks */ = {
			isa = PBXFrameworksBuildPhase;
			buildActionMask = 2147483647;
			files = (
			);
			runOnlyForDeploymentPostprocessing = 0;
		};
		7FB03A87260D7D9600C11C93 /* Frameworks */ = {
			isa = PBXFrameworksBuildPhase;
			buildActionMask = 2147483647;
			files = (
			);
			runOnlyForDeploymentPostprocessing = 0;
		};
/* End PBXFrameworksBuildPhase section */

/* Begin PBXGroup section */
		7FB03A60260D7D9500C11C93 = {
			isa = PBXGroup;
			children = (
				7FB03A6B260D7D9500C11C93 /* testEvalutionStarView */,
				7FB03A82260D7D9600C11C93 /* testEvalutionStarViewTests */,
				7FB03A8D260D7D9600C11C93 /* testEvalutionStarViewUITests */,
				7FB03A6A260D7D9500C11C93 /* Products */,
			);
			sourceTree = "<group>";
		};
		7FB03A6A260D7D9500C11C93 /* Products */ = {
			isa = PBXGroup;
			children = (
				7FB03A69260D7D9500C11C93 /* testEvalutionStarView.app */,
				7FB03A7F260D7D9600C11C93 /* testEvalutionStarViewTests.xctest */,
				7FB03A8A260D7D9600C11C93 /* testEvalutionStarViewUITests.xctest */,
			);
			name = Products;
			sourceTree = "<group>";
		};
		7FB03A6B260D7D9500C11C93 /* testEvalutionStarView */ = {
			isa = PBXGroup;
			children = (
				7FB03A6C260D7D9500C11C93 /* AppDelegate.swift */,
				7FB03A6E260D7D9500C11C93 /* SceneDelegate.swift */,
				7FB03A70260D7D9500C11C93 /* ViewController.swift */,
				7FB03A72260D7D9500C11C93 /* Main.storyboard */,
				7FB03A75260D7D9600C11C93 /* Assets.xcassets */,
				7FB03A77260D7D9600C11C93 /* LaunchScreen.storyboard */,
				7FB03A7A260D7D9600C11C93 /* Info.plist */,
				7FB03A9F260D7DD200C11C93 /* EvalutionStarView.swift */,
				7FB03AA4260DA81300C11C93 /* NewEvalutionStartView.xib */,
				7FB03AA9260DAA4300C11C93 /* NewEvalutionStartView.swift */,
			);
			path = testEvalutionStarView;
			sourceTree = "<group>";
		};
		7FB03A82260D7D9600C11C93 /* testEvalutionStarViewTests */ = {
			isa = PBXGroup;
			children = (
				7FB03A83260D7D9600C11C93 /* testEvalutionStarViewTests.swift */,
				7FB03A85260D7D9600C11C93 /* Info.plist */,
			);
			path = testEvalutionStarViewTests;
			sourceTree = "<group>";
		};
		7FB03A8D260D7D9600C11C93 /* testEvalutionStarViewUITests */ = {
			isa = PBXGroup;
			children = (
				7FB03A8E260D7D9600C11C93 /* testEvalutionStarViewUITests.swift */,
				7FB03A90260D7D9600C11C93 /* Info.plist */,
			);
			path = testEvalutionStarViewUITests;
			sourceTree = "<group>";
		};
/* End PBXGroup section */

/* Begin PBXNativeTarget section */
		7FB03A68260D7D9500C11C93 /* testEvalutionStarView */ = {
			isa = PBXNativeTarget;
			buildConfigurationList = 7FB03A93260D7D9600C11C93 /* Build configuration list for PBXNativeTarget "testEvalutionStarView" */;
			buildPhases = (
				7FB03A65260D7D9500C11C93 /* Sources */,
				7FB03A66260D7D9500C11C93 /* Frameworks */,
				7FB03A67260D7D9500C11C93 /* Resources */,
			);
			buildRules = (
			);
			dependencies = (
			);
			name = testEvalutionStarView;
			productName = testEvalutionStarView;
			productReference = 7FB03A69260D7D9500C11C93 /* testEvalutionStarView.app */;
			productType = "com.apple.product-type.application";
		};
		7FB03A7E260D7D9600C11C93 /* testEvalutionStarViewTests */ = {
			isa = PBXNativeTarget;
			buildConfigurationList = 7FB03A96260D7D9600C11C93 /* Build configuration list for PBXNativeTarget "testEvalutionStarViewTests" */;
			buildPhases = (
				7FB03A7B260D7D9600C11C93 /* Sources */,
				7FB03A7C260D7D9600C11C93 /* Frameworks */,
				7FB03A7D260D7D9600C11C93 /* Resources */,
			);
			buildRules = (
			);
			dependencies = (
				7FB03A81260D7D9600C11C93 /* PBXTargetDependency */,
			);
			name = testEvalutionStarViewTests;
			productName = testEvalutionStarViewTests;
			productReference = 7FB03A7F260D7D9600C11C93 /* testEvalutionStarViewTests.xctest */;
			productType = "com.apple.product-type.bundle.unit-test";
		};
		7FB03A89260D7D9600C11C93 /* testEvalutionStarViewUITests */ = {
			isa = PBXNativeTarget;
			buildConfigurationList = 7FB03A99260D7D9600C11C93 /* Build configuration list for PBXNativeTarget "testEvalutionStarViewUITests" */;
			buildPhases = (
				7FB03A86260D7D9600C11C93 /* Sources */,
				7FB03A87260D7D9600C11C93 /* Frameworks */,
				7FB03A88260D7D9600C11C93 /* Resources */,
			);
			buildRules = (
			);
			dependencies = (
				7FB03A8C260D7D9600C11C93 /* PBXTargetDependency */,
			);
			name = testEvalutionStarViewUITests;
			productName = testEvalutionStarViewUITests;
			productReference = 7FB03A8A260D7D9600C11C93 /* testEvalutionStarViewUITests.xctest */;
			productType = "com.apple.product-type.bundle.ui-testing";
		};
/* End PBXNativeTarget section */

/* Begin PBXProject section */
		7FB03A61260D7D9500C11C93 /* Project object */ = {
			isa = PBXProject;
			attributes = {
				LastSwiftUpdateCheck = 1230;
				LastUpgradeCheck = 1230;
				TargetAttributes = {
					7FB03A68260D7D9500C11C93 = {
						CreatedOnToolsVersion = 12.3;
					};
					7FB03A7E260D7D9600C11C93 = {
						CreatedOnToolsVersion = 12.3;
						TestTargetID = 7FB03A68260D7D9500C11C93;
					};
					7FB03A89260D7D9600C11C93 = {
						CreatedOnToolsVersion = 12.3;
						TestTargetID = 7FB03A68260D7D9500C11C93;
					};
				};
			};
			buildConfigurationList = 7FB03A64260D7D9500C11C93 /* Build configuration list for PBXProject "testEvalutionStarView" */;
			compatibilityVersion = "Xcode 9.3";
			developmentRegion = en;
			hasScannedForEncodings = 0;
			knownRegions = (
				en,
				Base,
			);
			mainGroup = 7FB03A60260D7D9500C11C93;
			productRefGroup = 7FB03A6A260D7D9500C11C93 /* Products */;
			projectDirPath = "";
			projectRoot = "";
			targets = (
				7FB03A68260D7D9500C11C93 /* testEvalutionStarView */,
				7FB03A7E260D7D9600C11C93 /* testEvalutionStarViewTests */,
				7FB03A89260D7D9600C11C93 /* testEvalutionStarViewUITests */,
			);
		};
/* End PBXProject section */

/* Begin PBXResourcesBuildPhase section */
		7FB03A67260D7D9500C11C93 /* Resources */ = {
			isa = PBXResourcesBuildPhase;
			buildActionMask = 2147483647;
			files = (
				7FB03AA5260DA81300C11C93 /* NewEvalutionStartView.xib in Resources */,
				7FB03A79260D7D9600C11C93 /* LaunchScreen.storyboard in Resources */,
				7FB03A76260D7D9600C11C93 /* Assets.xcassets in Resources */,
				7FB03A74260D7D9500C11C93 /* Main.storyboard in Resources */,
			);
			runOnlyForDeploymentPostprocessing = 0;
		};
		7FB03A7D260D7D9600C11C93 /* Resources */ = {
			isa = PBXResourcesBuildPhase;
			buildActionMask = 2147483647;
			files = (
			);
			runOnlyForDeploymentPostprocessing = 0;
		};
		7FB03A88260D7D9600C11C93 /* Resources */ = {
			isa = PBXResourcesBuildPhase;
			buildActionMask = 2147483647;
			files = (
			);
			runOnlyForDeploymentPostprocessing = 0;
		};
/* End PBXResourcesBuildPhase section */

/* Begin PBXSourcesBuildPhase section */
		7FB03A65260D7D9500C11C93 /* Sources */ = {
			isa = PBXSourcesBuildPhase;
			buildActionMask = 2147483647;
			files = (
				7FB03AAA260DAA4300C11C93 /* NewEvalutionStartView.swift in Sources */,
				7FB03A71260D7D9500C11C93 /* ViewController.swift in Sources */,
				7FB03A6D260D7D9500C11C93 /* AppDelegate.swift in Sources */,
				7FB03AA0260D7DD200C11C93 /* EvalutionStarView.swift in Sources */,
				7FB03A6F260D7D9500C11C93 /* SceneDelegate.swift in Sources */,
			);
			runOnlyForDeploymentPostprocessing = 0;
		};
		7FB03A7B260D7D9600C11C93 /* Sources */ = {
			isa = PBXSourcesBuildPhase;
			buildActionMask = 2147483647;
			files = (
				7FB03A84260D7D9600C11C93 /* testEvalutionStarViewTests.swift in Sources */,
			);
			runOnlyForDeploymentPostprocessing = 0;
		};
		7FB03A86260D7D9600C11C93 /* Sources */ = {
			isa = PBXSourcesBuildPhase;
			buildActionMask = 2147483647;
			files = (
				7FB03A8F260D7D9600C11C93 /* testEvalutionStarViewUITests.swift in Sources */,
			);
			runOnlyForDeploymentPostprocessing = 0;
		};
/* End PBXSourcesBuildPhase section */

/* Begin PBXTargetDependency section */
		7FB03A81260D7D9600C11C93 /* PBXTargetDependency */ = {
			isa = PBXTargetDependency;
			target = 7FB03A68260D7D9500C11C93 /* testEvalutionStarView */;
			targetProxy = 7FB03A80260D7D9600C11C93 /* PBXContainerItemProxy */;
		};
		7FB03A8C260D7D9600C11C93 /* PBXTargetDependency */ = {
			isa = PBXTargetDependency;
			target = 7FB03A68260D7D9500C11C93 /* testEvalutionStarView */;
			targetProxy = 7FB03A8B260D7D9600C11C93 /* PBXContainerItemProxy */;
		};
/* End PBXTargetDependency section */

/* Begin PBXVariantGroup section */
		7FB03A72260D7D9500C11C93 /* Main.storyboard */ = {
			isa = PBXVariantGroup;
			children = (
				7FB03A73260D7D9500C11C93 /* Base */,
			);
			name = Main.storyboard;
			sourceTree = "<group>";
		};
		7FB03A77260D7D9600C11C93 /* LaunchScreen.storyboard */ = {
			isa = PBXVariantGroup;
			children = (
				7FB03A78260D7D9600C11C93 /* Base */,
			);
			name = LaunchScreen.storyboard;
			sourceTree = "<group>";
		};
/* End PBXVariantGroup section */

/* Begin XCBuildConfiguration section */
		7FB03A91260D7D9600C11C93 /* Debug */ = {
			isa = XCBuildConfiguration;
			buildSettings = {
				ALWAYS_SEARCH_USER_PATHS = NO;
				CLANG_ANALYZER_NONNULL = YES;
				CLANG_ANALYZER_NUMBER_OBJECT_CONVERSION = YES_AGGRESSIVE;
				CLANG_CXX_LANGUAGE_STANDARD = "gnu++14";
				CLANG_CXX_LIBRARY = "libc++";
				CLANG_ENABLE_MODULES = YES;
				CLANG_ENABLE_OBJC_ARC = YES;
				CLANG_ENABLE_OBJC_WEAK = YES;
				CLANG_WARN_BLOCK_CAPTURE_AUTORELEASING = YES;
				CLANG_WARN_BOOL_CONVERSION = YES;
				CLANG_WARN_COMMA = YES;
				CLANG_WARN_CONSTANT_CONVERSION = YES;
				CLANG_WARN_DEPRECATED_OBJC_IMPLEMENTATIONS = YES;
				CLANG_WARN_DIRECT_OBJC_ISA_USAGE = YES_ERROR;
				CLANG_WARN_DOCUMENTATION_COMMENTS = YES;
				CLANG_WARN_EMPTY_BODY = YES;
				CLANG_WARN_ENUM_CONVERSION = YES;
				CLANG_WARN_INFINITE_RECURSION = YES;
				CLANG_WARN_INT_CONVERSION = YES;
				CLANG_WARN_NON_LITERAL_NULL_CONVERSION = YES;
				CLANG_WARN_OBJC_IMPLICIT_RETAIN_SELF = YES;
				CLANG_WARN_OBJC_LITERAL_CONVERSION = YES;
				CLANG_WARN_OBJC_ROOT_CLASS = YES_ERROR;
				CLANG_WARN_QUOTED_INCLUDE_IN_FRAMEWORK_HEADER = YES;
				CLANG_WARN_RANGE_LOOP_ANALYSIS = YES;
				CLANG_WARN_STRICT_PROTOTYPES = YES;
				CLANG_WARN_SUSPICIOUS_MOVE = YES;
				CLANG_WARN_UNGUARDED_AVAILABILITY = YES_AGGRESSIVE;
				CLANG_WARN_UNREACHABLE_CODE = YES;
				CLANG_WARN__DUPLICATE_METHOD_MATCH = YES;
				COPY_PHASE_STRIP = NO;
				DEBUG_INFORMATION_FORMAT = dwarf;
				ENABLE_STRICT_OBJC_MSGSEND = YES;
				ENABLE_TESTABILITY = YES;
				GCC_C_LANGUAGE_STANDARD = gnu11;
				GCC_DYNAMIC_NO_PIC = NO;
				GCC_NO_COMMON_BLOCKS = YES;
				GCC_OPTIMIZATION_LEVEL = 0;
				GCC_PREPROCESSOR_DEFINITIONS = (
					"DEBUG=1",
					"$(inherited)",
				);
				GCC_WARN_64_TO_32_BIT_CONVERSION = YES;
				GCC_WARN_ABOUT_RETURN_TYPE = YES_ERROR;
				GCC_WARN_UNDECLARED_SELECTOR = YES;
				GCC_WARN_UNINITIALIZED_AUTOS = YES_AGGRESSIVE;
				GCC_WARN_UNUSED_FUNCTION = YES;
				GCC_WARN_UNUSED_VARIABLE = YES;
				IPHONEOS_DEPLOYMENT_TARGET = 14.3;
				MTL_ENABLE_DEBUG_INFO = INCLUDE_SOURCE;
				MTL_FAST_MATH = YES;
				ONLY_ACTIVE_ARCH = YES;
				SDKROOT = iphoneos;
				SWIFT_ACTIVE_COMPILATION_CONDITIONS = DEBUG;
				SWIFT_OPTIMIZATION_LEVEL = "-Onone";
			};
			name = Debug;
		};
		7FB03A92260D7D9600C11C93 /* Release */ = {
			isa = XCBuildConfiguration;
			buildSettings = {
				ALWAYS_SEARCH_USER_PATHS = NO;
				CLANG_ANALYZER_NONNULL = YES;
				CLANG_ANALYZER_NUMBER_OBJECT_CONVERSION = YES_AGGRESSIVE;
				CLANG_CXX_LANGUAGE_STANDARD = "gnu++14";
				CLANG_CXX_LIBRARY = "libc++";
				CLANG_ENABLE_MODULES = YES;
				CLANG_ENABLE_OBJC_ARC = YES;
				CLANG_ENABLE_OBJC_WEAK = YES;
				CLANG_WARN_BLOCK_CAPTURE_AUTORELEASING = YES;
				CLANG_WARN_BOOL_CONVERSION = YES;
				CLANG_WARN_COMMA = YES;
				CLANG_WARN_CONSTANT_CONVERSION = YES;
				CLANG_WARN_DEPRECATED_OBJC_IMPLEMENTATIONS = YES;
				CLANG_WARN_DIRECT_OBJC_ISA_USAGE = YES_ERROR;
				CLANG_WARN_DOCUMENTATION_COMMENTS = YES;
				CLANG_WARN_EMPTY_BODY = YES;
				CLANG_WARN_ENUM_CONVERSION = YES;
				CLANG_WARN_INFINITE_RECURSION = YES;
				CLANG_WARN_INT_CONVERSION = YES;
				CLANG_WARN_NON_LITERAL_NULL_CONVERSION = YES;
				CLANG_WARN_OBJC_IMPLICIT_RETAIN_SELF = YES;
				CLANG_WARN_OBJC_LITERAL_CONVERSION = YES;
				CLANG_WARN_OBJC_ROOT_CLASS = YES_ERROR;
				CLANG_WARN_QUOTED_INCLUDE_IN_FRAMEWORK_HEADER = YES;
				CLANG_WARN_RANGE_LOOP_ANALYSIS = YES;
				CLANG_WARN_STRICT_PROTOTYPES = YES;
				CLANG_WARN_SUSPICIOUS_MOVE = YES;
				CLANG_WARN_UNGUARDED_AVAILABILITY = YES_AGGRESSIVE;
				CLANG_WARN_UNREACHABLE_CODE = YES;
				CLANG_WARN__DUPLICATE_METHOD_MATCH = YES;
				COPY_PHASE_STRIP = NO;
				DEBUG_INFORMATION_FORMAT = "dwarf-with-dsym";
				ENABLE_NS_ASSERTIONS = NO;
				ENABLE_STRICT_OBJC_MSGSEND = YES;
				GCC_C_LANGUAGE_STANDARD = gnu11;
				GCC_NO_COMMON_BLOCKS = YES;
				GCC_WARN_64_TO_32_BIT_CONVERSION = YES;
				GCC_WARN_ABOUT_RETURN_TYPE = YES_ERROR;
				GCC_WARN_UNDECLARED_SELECTOR = YES;
				GCC_WARN_UNINITIALIZED_AUTOS = YES_AGGRESSIVE;
				GCC_WARN_UNUSED_FUNCTION = YES;
				GCC_WARN_UNUSED_VARIABLE = YES;
				IPHONEOS_DEPLOYMENT_TARGET = 14.3;
				MTL_ENABLE_DEBUG_INFO = NO;
				MTL_FAST_MATH = YES;
				SDKROOT = iphoneos;
				SWIFT_COMPILATION_MODE = wholemodule;
				SWIFT_OPTIMIZATION_LEVEL = "-O";
				VALIDATE_PRODUCT = YES;
			};
			name = Release;
		};
		7FB03A94260D7D9600C11C93 /* Debug */ = {
			isa = XCBuildConfiguration;
			buildSettings = {
				ASSETCATALOG_COMPILER_APPICON_NAME = AppIcon;
				ASSETCATALOG_COMPILER_GLOBAL_ACCENT_COLOR_NAME = AccentColor;
				CODE_SIGN_STYLE = Automatic;
				DEVELOPMENT_TEAM = LA47TSWSCN;
				INFOPLIST_FILE = testEvalutionStarView/Info.plist;
				LD_RUNPATH_SEARCH_PATHS = (
					"$(inherited)",
					"@executable_path/Frameworks",
				);
				PRODUCT_BUNDLE_IDENTIFIER = yuki.osu.testEvalutionStarView;
				PRODUCT_NAME = "$(TARGET_NAME)";
				SWIFT_VERSION = 5.0;
				TARGETED_DEVICE_FAMILY = "1,2";
			};
			name = Debug;
		};
		7FB03A95260D7D9600C11C93 /* Release */ = {
			isa = XCBuildConfiguration;
			buildSettings = {
				ASSETCATALOG_COMPILER_APPICON_NAME = AppIcon;
				ASSETCATALOG_COMPILER_GLOBAL_ACCENT_COLOR_NAME = AccentColor;
				CODE_SIGN_STYLE = Automatic;
				DEVELOPMENT_TEAM = LA47TSWSCN;
				INFOPLIST_FILE = testEvalutionStarView/Info.plist;
				LD_RUNPATH_SEARCH_PATHS = (
					"$(inherited)",
					"@executable_path/Frameworks",
				);
				PRODUCT_BUNDLE_IDENTIFIER = yuki.osu.testEvalutionStarView;
				PRODUCT_NAME = "$(TARGET_NAME)";
				SWIFT_VERSION = 5.0;
				TARGETED_DEVICE_FAMILY = "1,2";
			};
			name = Release;
		};
		7FB03A97260D7D9600C11C93 /* Debug */ = {
			isa = XCBuildConfiguration;
			buildSettings = {
				ALWAYS_EMBED_SWIFT_STANDARD_LIBRARIES = YES;
				BUNDLE_LOADER = "$(TEST_HOST)";
				CODE_SIGN_STYLE = Automatic;
				DEVELOPMENT_TEAM = LA47TSWSCN;
				INFOPLIST_FILE = testEvalutionStarViewTests/Info.plist;
				IPHONEOS_DEPLOYMENT_TARGET = 14.3;
				LD_RUNPATH_SEARCH_PATHS = (
					"$(inherited)",
					"@executable_path/Frameworks",
					"@loader_path/Frameworks",
				);
				PRODUCT_BUNDLE_IDENTIFIER = yuki.osu.testEvalutionStarViewTests;
				PRODUCT_NAME = "$(TARGET_NAME)";
				SWIFT_VERSION = 5.0;
				TARGETED_DEVICE_FAMILY = "1,2";
				TEST_HOST = "$(BUILT_PRODUCTS_DIR)/testEvalutionStarView.app/testEvalutionStarView";
			};
			name = Debug;
		};
		7FB03A98260D7D9600C11C93 /* Release */ = {
			isa = XCBuildConfiguration;
			buildSettings = {
				ALWAYS_EMBED_SWIFT_STANDARD_LIBRARIES = YES;
				BUNDLE_LOADER = "$(TEST_HOST)";
				CODE_SIGN_STYLE = Automatic;
				DEVELOPMENT_TEAM = LA47TSWSCN;
				INFOPLIST_FILE = testEvalutionStarViewTests/Info.plist;
				IPHONEOS_DEPLOYMENT_TARGET = 14.3;
				LD_RUNPATH_SEARCH_PATHS = (
					"$(inherited)",
					"@executable_path/Frameworks",
					"@loader_path/Frameworks",
				);
				PRODUCT_BUNDLE_IDENTIFIER = yuki.osu.testEvalutionStarViewTests;
				PRODUCT_NAME = "$(TARGET_NAME)";
				SWIFT_VERSION = 5.0;
				TARGETED_DEVICE_FAMILY = "1,2";
				TEST_HOST = "$(BUILT_PRODUCTS_DIR)/testEvalutionStarView.app/testEvalutionStarView";
			};
			name = Release;
		};
		7FB03A9A260D7D9600C11C93 /* Debug */ = {
			isa = XCBuildConfiguration;
			buildSettings = {
				ALWAYS_EMBED_SWIFT_STANDARD_LIBRARIES = YES;
				CODE_SIGN_STYLE = Automatic;
				DEVELOPMENT_TEAM = LA47TSWSCN;
				INFOPLIST_FILE = testEvalutionStarViewUITests/Info.plist;
				LD_RUNPATH_SEARCH_PATHS = (
					"$(inherited)",
					"@executable_path/Frameworks",
					"@loader_path/Frameworks",
				);
				PRODUCT_BUNDLE_IDENTIFIER = yuki.osu.testEvalutionStarViewUITests;
				PRODUCT_NAME = "$(TARGET_NAME)";
				SWIFT_VERSION = 5.0;
				TARGETED_DEVICE_FAMILY = "1,2";
				TEST_TARGET_NAME = testEvalutionStarView;
			};
			name = Debug;
		};
		7FB03A9B260D7D9600C11C93 /* Release */ = {
			isa = XCBuildConfiguration;
			buildSettings = {
				ALWAYS_EMBED_SWIFT_STANDARD_LIBRARIES = YES;
				CODE_SIGN_STYLE = Automatic;
				DEVELOPMENT_TEAM = LA47TSWSCN;
				INFOPLIST_FILE = testEvalutionStarViewUITests/Info.plist;
				LD_RUNPATH_SEARCH_PATHS = (
					"$(inherited)",
					"@executable_path/Frameworks",
					"@loader_path/Frameworks",
				);
				PRODUCT_BUNDLE_IDENTIFIER = yuki.osu.testEvalutionStarViewUITests;
				PRODUCT_NAME = "$(TARGET_NAME)";
				SWIFT_VERSION = 5.0;
				TARGETED_DEVICE_FAMILY = "1,2";
				TEST_TARGET_NAME = testEvalutionStarView;
			};
			name = Release;
		};
/* End XCBuildConfiguration section */

/* Begin XCConfigurationList section */
		7FB03A64260D7D9500C11C93 /* Build configuration list for PBXProject "testEvalutionStarView" */ = {
			isa = XCConfigurationList;
			buildConfigurations = (
				7FB03A91260D7D9600C11C93 /* Debug */,
				7FB03A92260D7D9600C11C93 /* Release */,
			);
			defaultConfigurationIsVisible = 0;
			defaultConfigurationName = Release;
		};
		7FB03A93260D7D9600C11C93 /* Build configuration list for PBXNativeTarget "testEvalutionStarView" */ = {
			isa = XCConfigurationList;
			buildConfigurations = (
				7FB03A94260D7D9600C11C93 /* Debug */,
				7FB03A95260D7D9600C11C93 /* Release */,
			);
			defaultConfigurationIsVisible = 0;
			defaultConfigurationName = Release;
		};
		7FB03A96260D7D9600C11C93 /* Build configuration list for PBXNativeTarget "testEvalutionStarViewTests" */ = {
			isa = XCConfigurationList;
			buildConfigurations = (
				7FB03A97260D7D9600C11C93 /* Debug */,
				7FB03A98260D7D9600C11C93 /* Release */,
			);
			defaultConfigurationIsVisible = 0;
			defaultConfigurationName = Release;
		};
		7FB03A99260D7D9600C11C93 /* Build configuration list for PBXNativeTarget "testEvalutionStarViewUITests" */ = {
			isa = XCConfigurationList;
			buildConfigurations = (
				7FB03A9A260D7D9600C11C93 /* Debug */,
				7FB03A9B260D7D9600C11C93 /* Release */,
			);
			defaultConfigurationIsVisible = 0;
			defaultConfigurationName = Release;
		};
/* End XCConfigurationList section */
	};
	rootObject = 7FB03A61260D7D9500C11C93 /* Project object */;
}
